
Microsoft Visual Studio Solution File, Format Version 12.00
# Visual Studio Version 16
VisualStudioVersion = 16.0.29613.14
MinimumVisualStudioVersion = 10.0.40219.1
Project("{FAE04EC0-301F-11D3-BF4B-00C04F79EFBC}") = "BSTReportPrep", "BSTReportPrep.csproj", "{DB4D4E67-586F-47BA-9A62-5EBEE583CAE7}"
EndProject
Global
	GlobalSection(SolutionConfigurationPlatforms) = preSolution
		Debug|Any CPU = Debug|Any CPU
		Release|Any CPU = Release|Any CPU
	EndGlobalSection
	GlobalSection(ProjectConfigurationPlatforms) = postSolution
		{DB4D4E67-586F-47BA-9A62-5EBEE583CAE7}.Debug|Any CPU.ActiveCfg = Debug|Any CPU
		{DB4D4E67-586F-47BA-9A62-5EBEE583CAE7}.Debug|Any CPU.Build.0 = Debug|Any CPU
		{DB4D4E67-586F-47BA-9A62-5EBEE583CAE7}.Release|Any CPU.ActiveCfg = Release|Any CPU
		{DB4D4E67-586F-47BA-9A62-5EBEE583CAE7}.Release|Any CPU.Build.0 = Release|Any CPU
	EndGlobalSection
	GlobalSection(SolutionProperties) = preSolution
		HideSolutionNode = FALSE
	EndGlobalSection
	GlobalSection(ExtensibilityGlobals) = postSolution
		SolutionGuid = {DFB529E9-B3B5-429C-8F13-B2A563B8CDB3}
	EndGlobalSection
EndGlobal
